
Microsoft Visual Studio Solution File, Format Version 12.00
# Visual Studio 15
VisualStudioVersion = 15.0.28307.136
MinimumVisualStudioVersion = 10.0.40219.1
Project("{FAE04EC0-301F-11D3-BF4B-00C04F79EFBC}") = "back_end", "back_end\back_end.csproj", "{4089E6A2-F059-4E92-A7DB-D4A5119F8457}"
EndProject
Global
	GlobalSection(SolutionConfigurationPlatforms) = preSolution
		Debug|Any CPU = Debug|Any CPU
		Release|Any CPU = Release|Any CPU
	EndGlobalSection
	GlobalSection(ProjectConfigurationPlatforms) = postSolution
		{4089E6A2-F059-4E92-A7DB-D4A5119F8457}.Debug|Any CPU.ActiveCfg = Debug|Any CPU
		{4089E6A2-F059-4E92-A7DB-D4A5119F8457}.Debug|Any CPU.Build.0 = Debug|Any CPU
		{4089E6A2-F059-4E92-A7DB-D4A5119F8457}.Release|Any CPU.ActiveCfg = Release|Any CPU
		{4089E6A2-F059-4E92-A7DB-D4A5119F8457}.Release|Any CPU.Build.0 = Release|Any CPU
	EndGlobalSection
	GlobalSection(SolutionProperties) = preSolution
		HideSolutionNode = FALSE
	EndGlobalSection
	GlobalSection(ExtensibilityGlobals) = postSolution
		SolutionGuid = {1777EAB8-3BB5-4355-98E1-7586D9DFD44D}
	EndGlobalSection
EndGlobal
